// !$*UTF8*$!
{
	archiveVersion = 1;
	classes = {
	};
	objectVersion = 46;
	objects = {

/* Begin PBXBuildFile section */
		E73E582E28927D6100ED3D3D /* GlyphsCore.framework in Frameworks */ = {isa = PBXBuildFile; fileRef = E73E582D28927D2500ED3D3D /* GlyphsCore.framework */; settings = {ATTRIBUTES = (Required, ); }; };
		E73E582F28927D6300ED3D3D /* GlyphsCore.framework in Frameworks */ = {isa = PBXBuildFile; fileRef = E73E582C28927D2200ED3D3D /* GlyphsCore.framework */; settings = {ATTRIBUTES = (Required, ); }; };
		E773C4D11DC37C2C00BF8D31 /* REFGlyphView.m in Sources */ = {isa = PBXBuildFile; fileRef = E773C4D01DC37C2C00BF8D31 /* REFGlyphView.m */; };
		E7843F8628922967006230E9 /* REFGlyphNameResolver.m in Sources */ = {isa = PBXBuildFile; fileRef = E7973FDA1FE63D890009EAE4 /* REFGlyphNameResolver.m */; };
		E7843F8728922967006230E9 /* REFFontInstance.m in Sources */ = {isa = PBXBuildFile; fileRef = E7A536801FD2FFC300E7615E /* REFFontInstance.m */; };
		E7843F8828922967006230E9 /* ReferenceGlyphPalettePlugin.m in Sources */ = {isa = PBXBuildFile; fileRef = E7FBB2B51C574D99003E8DC1 /* ReferenceGlyphPalettePlugin.m */; };
		E7843F8928922967006230E9 /* REFGlyphView.m in Sources */ = {isa = PBXBuildFile; fileRef = E773C4D01DC37C2C00BF8D31 /* REFGlyphView.m */; };
		E7843F8A28922967006230E9 /* REFFontMenu.m in Sources */ = {isa = PBXBuildFile; fileRef = E7A536851FD2FFC300E7615E /* REFFontMenu.m */; };
		E7843F8B28922967006230E9 /* REFFontPopUpButton.m in Sources */ = {isa = PBXBuildFile; fileRef = E7A536841FD2FFC300E7615E /* REFFontPopUpButton.m */; };
		E7843F8E28922967006230E9 /* Cocoa.framework in Frameworks */ = {isa = PBXBuildFile; fileRef = E7FBB2AD1C574D98003E8DC1 /* Cocoa.framework */; };
		E7843F9028922967006230E9 /* REFPaletteView.xib in Resources */ = {isa = PBXBuildFile; fileRef = E7A536721FD2D72C00E7615E /* REFPaletteView.xib */; };
		E7973FDB1FE63D890009EAE4 /* REFGlyphNameResolver.m in Sources */ = {isa = PBXBuildFile; fileRef = E7973FDA1FE63D890009EAE4 /* REFGlyphNameResolver.m */; };
		E7A536731FD2D72D00E7615E /* REFPaletteView.xib in Resources */ = {isa = PBXBuildFile; fileRef = E7A536721FD2D72C00E7615E /* REFPaletteView.xib */; };
		E7A536861FD2FFC300E7615E /* REFFontInstance.m in Sources */ = {isa = PBXBuildFile; fileRef = E7A536801FD2FFC300E7615E /* REFFontInstance.m */; };
		E7A536871FD2FFC300E7615E /* REFFontPopUpButton.m in Sources */ = {isa = PBXBuildFile; fileRef = E7A536841FD2FFC300E7615E /* REFFontPopUpButton.m */; };
		E7A536881FD2FFC300E7615E /* REFFontMenu.m in Sources */ = {isa = PBXBuildFile; fileRef = E7A536851FD2FFC300E7615E /* REFFontMenu.m */; };
		E7FBB2AE1C574D98003E8DC1 /* Cocoa.framework in Frameworks */ = {isa = PBXBuildFile; fileRef = E7FBB2AD1C574D98003E8DC1 /* Cocoa.framework */; };
		E7FBB2B61C574D99003E8DC1 /* ReferenceGlyphPalettePlugin.m in Sources */ = {isa = PBXBuildFile; fileRef = E7FBB2B51C574D99003E8DC1 /* ReferenceGlyphPalettePlugin.m */; };
/* End PBXBuildFile section */

/* Begin PBXFileReference section */
		E73E582C28927D2200ED3D3D /* GlyphsCore.framework */ = {isa = PBXFileReference; lastKnownFileType = wrapper.framework; name = GlyphsCore.framework; path = "/Applications/Glyphs 3.app/Contents/Frameworks/GlyphsCore.framework"; sourceTree = "<absolute>"; };
		E73E582D28927D2500ED3D3D /* GlyphsCore.framework */ = {isa = PBXFileReference; lastKnownFileType = wrapper.framework; name = GlyphsCore.framework; path = /Applications/Glyphs.app/Contents/Frameworks/GlyphsCore.framework; sourceTree = "<absolute>"; };
		E773C4CF1DC37C2C00BF8D31 /* REFGlyphView.h */ = {isa = PBXFileReference; fileEncoding = 4; lastKnownFileType = sourcecode.c.h; path = REFGlyphView.h; sourceTree = "<group>"; };
		E773C4D01DC37C2C00BF8D31 /* REFGlyphView.m */ = {isa = PBXFileReference; fileEncoding = 4; lastKnownFileType = sourcecode.c.objc; path = REFGlyphView.m; sourceTree = "<group>"; };
		E7843F9428922967006230E9 /* ReferenceGlyph.glyphsPalette */ = {isa = PBXFileReference; explicitFileType = wrapper.cfbundle; includeInIndex = 0; path = ReferenceGlyph.glyphsPalette; sourceTree = BUILT_PRODUCTS_DIR; };
		E7973FD91FE63D890009EAE4 /* REFGlyphNameResolver.h */ = {isa = PBXFileReference; lastKnownFileType = sourcecode.c.h; path = REFGlyphNameResolver.h; sourceTree = "<group>"; };
		E7973FDA1FE63D890009EAE4 /* REFGlyphNameResolver.m */ = {isa = PBXFileReference; lastKnownFileType = sourcecode.c.objc; path = REFGlyphNameResolver.m; sourceTree = "<group>"; };
		E7A536721FD2D72C00E7615E /* REFPaletteView.xib */ = {isa = PBXFileReference; fileEncoding = 4; lastKnownFileType = file.xib; path = REFPaletteView.xib; sourceTree = "<group>"; };
		E7A536801FD2FFC300E7615E /* REFFontInstance.m */ = {isa = PBXFileReference; fileEncoding = 4; lastKnownFileType = sourcecode.c.objc; path = REFFontInstance.m; sourceTree = "<group>"; };
		E7A536811FD2FFC300E7615E /* REFFontPopUpButton.h */ = {isa = PBXFileReference; fileEncoding = 4; lastKnownFileType = sourcecode.c.h; path = REFFontPopUpButton.h; sourceTree = "<group>"; };
		E7A536821FD2FFC300E7615E /* REFFontMenu.h */ = {isa = PBXFileReference; fileEncoding = 4; lastKnownFileType = sourcecode.c.h; path = REFFontMenu.h; sourceTree = "<group>"; };
		E7A536831FD2FFC300E7615E /* REFFontInstance.h */ = {isa = PBXFileReference; fileEncoding = 4; lastKnownFileType = sourcecode.c.h; path = REFFontInstance.h; sourceTree = "<group>"; };
		E7A536841FD2FFC300E7615E /* REFFontPopUpButton.m */ = {isa = PBXFileReference; fileEncoding = 4; lastKnownFileType = sourcecode.c.objc; path = REFFontPopUpButton.m; sourceTree = "<group>"; };
		E7A536851FD2FFC300E7615E /* REFFontMenu.m */ = {isa = PBXFileReference; fileEncoding = 4; lastKnownFileType = sourcecode.c.objc; path = REFFontMenu.m; sourceTree = "<group>"; };
		E7FBB2AA1C574D98003E8DC1 /* ReferenceGlyph.glyphsPalette */ = {isa = PBXFileReference; explicitFileType = wrapper.cfbundle; includeInIndex = 0; path = ReferenceGlyph.glyphsPalette; sourceTree = BUILT_PRODUCTS_DIR; };
		E7FBB2AD1C574D98003E8DC1 /* Cocoa.framework */ = {isa = PBXFileReference; lastKnownFileType = wrapper.framework; name = Cocoa.framework; path = /System/Library/Frameworks/Cocoa.framework; sourceTree = "<absolute>"; };
		E7FBB2B21C574D98003E8DC1 /* Info.plist */ = {isa = PBXFileReference; lastKnownFileType = text.plist.xml; path = Info.plist; sourceTree = "<group>"; };
		E7FBB2B41C574D98003E8DC1 /* ReferenceGlyphPalettePlugin.h */ = {isa = PBXFileReference; lastKnownFileType = sourcecode.c.h; path = ReferenceGlyphPalettePlugin.h; sourceTree = "<group>"; };
		E7FBB2B51C574D99003E8DC1 /* ReferenceGlyphPalettePlugin.m */ = {isa = PBXFileReference; lastKnownFileType = sourcecode.c.objc; path = ReferenceGlyphPalettePlugin.m; sourceTree = "<group>"; };
/* End PBXFileReference section */

/* Begin PBXFrameworksBuildPhase section */
		E7843F8C28922967006230E9 /* Frameworks */ = {
			isa = PBXFrameworksBuildPhase;
			buildActionMask = 2147483647;
			files = (
				E73E582F28927D6300ED3D3D /* GlyphsCore.framework in Frameworks */,
				E7843F8E28922967006230E9 /* Cocoa.framework in Frameworks */,
			);
			runOnlyForDeploymentPostprocessing = 0;
		};
		E7FBB2A71C574D98003E8DC1 /* Frameworks */ = {
			isa = PBXFrameworksBuildPhase;
			buildActionMask = 2147483647;
			files = (
				E73E582E28927D6100ED3D3D /* GlyphsCore.framework in Frameworks */,
				E7FBB2AE1C574D98003E8DC1 /* Cocoa.framework in Frameworks */,
			);
			runOnlyForDeploymentPostprocessing = 0;
		};
/* End PBXFrameworksBuildPhase section */

/* Begin PBXGroup section */
		E73E582A28927D0E00ED3D3D /* Glyphs 3 */ = {
			isa = PBXGroup;
			children = (
				E73E582C28927D2200ED3D3D /* GlyphsCore.framework */,
			);
			name = "Glyphs 3";
			sourceTree = "<group>";
		};
		E73E582B28927D1C00ED3D3D /* Glyphs 2 */ = {
			isa = PBXGroup;
			children = (
				E73E582D28927D2500ED3D3D /* GlyphsCore.framework */,
			);
			name = "Glyphs 2";
			sourceTree = "<group>";
		};
		E7FBB2A11C574D98003E8DC1 = {
			isa = PBXGroup;
			children = (
				E7FBB2AF1C574D98003E8DC1 /* ReferenceGlyph */,
				E7FBB2AC1C574D98003E8DC1 /* Frameworks */,
				E7FBB2AB1C574D98003E8DC1 /* Products */,
			);
			sourceTree = "<group>";
		};
		E7FBB2AB1C574D98003E8DC1 /* Products */ = {
			isa = PBXGroup;
			children = (
				E7FBB2AA1C574D98003E8DC1 /* ReferenceGlyph.glyphsPalette */,
				E7843F9428922967006230E9 /* ReferenceGlyph.glyphsPalette */,
			);
			name = Products;
			sourceTree = "<group>";
		};
		E7FBB2AC1C574D98003E8DC1 /* Frameworks */ = {
			isa = PBXGroup;
			children = (
				E73E582B28927D1C00ED3D3D /* Glyphs 2 */,
				E73E582A28927D0E00ED3D3D /* Glyphs 3 */,
				E7FBB2AD1C574D98003E8DC1 /* Cocoa.framework */,
			);
			name = Frameworks;
			sourceTree = "<group>";
		};
		E7FBB2AF1C574D98003E8DC1 /* ReferenceGlyph */ = {
			isa = PBXGroup;
			children = (
				E7973FD91FE63D890009EAE4 /* REFGlyphNameResolver.h */,
				E7973FDA1FE63D890009EAE4 /* REFGlyphNameResolver.m */,
				E773C4CF1DC37C2C00BF8D31 /* REFGlyphView.h */,
				E773C4D01DC37C2C00BF8D31 /* REFGlyphView.m */,
				E7A536831FD2FFC300E7615E /* REFFontInstance.h */,
				E7A536801FD2FFC300E7615E /* REFFontInstance.m */,
				E7A536821FD2FFC300E7615E /* REFFontMenu.h */,
				E7A536851FD2FFC300E7615E /* REFFontMenu.m */,
				E7A536811FD2FFC300E7615E /* REFFontPopUpButton.h */,
				E7A536841FD2FFC300E7615E /* REFFontPopUpButton.m */,
				E7FBB2B41C574D98003E8DC1 /* ReferenceGlyphPalettePlugin.h */,
				E7FBB2B51C574D99003E8DC1 /* ReferenceGlyphPalettePlugin.m */,
				E7A536721FD2D72C00E7615E /* REFPaletteView.xib */,
				E7FBB2B71C574D99003E8DC1 /* Supporting Files */,
			);
			path = ReferenceGlyph;
			sourceTree = "<group>";
		};
		E7FBB2B71C574D99003E8DC1 /* Supporting Files */ = {
			isa = PBXGroup;
			children = (
				E7FBB2B21C574D98003E8DC1 /* Info.plist */,
			);
			name = "Supporting Files";
			sourceTree = "<group>";
		};
/* End PBXGroup section */

/* Begin PBXNativeTarget section */
		E7843F8428922967006230E9 /* ReferenceGlyph3 */ = {
			isa = PBXNativeTarget;
			buildConfigurationList = E7843F9128922967006230E9 /* Build configuration list for PBXNativeTarget "ReferenceGlyph3" */;
			buildPhases = (
				E7843F8528922967006230E9 /* Sources */,
				E7843F8C28922967006230E9 /* Frameworks */,
				E7843F8F28922967006230E9 /* Resources */,
			);
			buildRules = (
			);
			dependencies = (
			);
			name = ReferenceGlyph3;
			productName = InterpolationPreviewer;
			productReference = E7843F9428922967006230E9 /* ReferenceGlyph.glyphsPalette */;
			productType = "com.apple.product-type.bundle";
		};
		E7FBB2A91C574D98003E8DC1 /* ReferenceGlyph2 */ = {
			isa = PBXNativeTarget;
			buildConfigurationList = E7FBB2BD1C574D99003E8DC1 /* Build configuration list for PBXNativeTarget "ReferenceGlyph2" */;
			buildPhases = (
				E7FBB2A61C574D98003E8DC1 /* Sources */,
				E7FBB2A71C574D98003E8DC1 /* Frameworks */,
				E7FBB2A81C574D98003E8DC1 /* Resources */,
			);
			buildRules = (
			);
			dependencies = (
			);
			name = ReferenceGlyph2;
			productName = InterpolationPreviewer;
			productReference = E7FBB2AA1C574D98003E8DC1 /* ReferenceGlyph.glyphsPalette */;
			productType = "com.apple.product-type.bundle";
		};
/* End PBXNativeTarget section */

/* Begin PBXProject section */
		E7FBB2A21C574D98003E8DC1 /* Project object */ = {
			isa = PBXProject;
			attributes = {
				LastUpgradeCheck = 1200;
				ORGANIZATIONNAME = "Morisawa Inc.";
				TargetAttributes = {
					E7843F8428922967006230E9 = {
						DevelopmentTeam = 662PVPVA3N;
						ProvisioningStyle = Automatic;
					};
					E7FBB2A91C574D98003E8DC1 = {
						CreatedOnToolsVersion = 7.2;
						DevelopmentTeam = 662PVPVA3N;
						ProvisioningStyle = Automatic;
					};
				};
			};
			buildConfigurationList = E7FBB2A51C574D98003E8DC1 /* Build configuration list for PBXProject "ReferenceGlyph" */;
			compatibilityVersion = "Xcode 3.2";
			developmentRegion = en;
			hasScannedForEncodings = 0;
			knownRegions = (
				en,
				Base,
			);
			mainGroup = E7FBB2A11C574D98003E8DC1;
			productRefGroup = E7FBB2AB1C574D98003E8DC1 /* Products */;
			projectDirPath = "";
			projectRoot = "";
			targets = (
				E7FBB2A91C574D98003E8DC1 /* ReferenceGlyph2 */,
				E7843F8428922967006230E9 /* ReferenceGlyph3 */,
			);
		};
/* End PBXProject section */

/* Begin PBXResourcesBuildPhase section */
		E7843F8F28922967006230E9 /* Resources */ = {
			isa = PBXResourcesBuildPhase;
			buildActionMask = 2147483647;
			files = (
				E7843F9028922967006230E9 /* REFPaletteView.xib in Resources */,
			);
			runOnlyForDeploymentPostprocessing = 0;
		};
		E7FBB2A81C574D98003E8DC1 /* Resources */ = {
			isa = PBXResourcesBuildPhase;
			buildActionMask = 2147483647;
			files = (
				E7A536731FD2D72D00E7615E /* REFPaletteView.xib in Resources */,
			);
			runOnlyForDeploymentPostprocessing = 0;
		};
/* End PBXResourcesBuildPhase section */

/* Begin PBXSourcesBuildPhase section */
		E7843F8528922967006230E9 /* Sources */ = {
			isa = PBXSourcesBuildPhase;
			buildActionMask = 2147483647;
			files = (
				E7843F8628922967006230E9 /* REFGlyphNameResolver.m in Sources */,
				E7843F8728922967006230E9 /* REFFontInstance.m in Sources */,
				E7843F8828922967006230E9 /* ReferenceGlyphPalettePlugin.m in Sources */,
				E7843F8928922967006230E9 /* REFGlyphView.m in Sources */,
				E7843F8A28922967006230E9 /* REFFontMenu.m in Sources */,
				E7843F8B28922967006230E9 /* REFFontPopUpButton.m in Sources */,
			);
			runOnlyForDeploymentPostprocessing = 0;
		};
		E7FBB2A61C574D98003E8DC1 /* Sources */ = {
			isa = PBXSourcesBuildPhase;
			buildActionMask = 2147483647;
			files = (
				E7973FDB1FE63D890009EAE4 /* REFGlyphNameResolver.m in Sources */,
				E7A536861FD2FFC300E7615E /* REFFontInstance.m in Sources */,
				E7FBB2B61C574D99003E8DC1 /* ReferenceGlyphPalettePlugin.m in Sources */,
				E773C4D11DC37C2C00BF8D31 /* REFGlyphView.m in Sources */,
				E7A536881FD2FFC300E7615E /* REFFontMenu.m in Sources */,
				E7A536871FD2FFC300E7615E /* REFFontPopUpButton.m in Sources */,
			);
			runOnlyForDeploymentPostprocessing = 0;
		};
/* End PBXSourcesBuildPhase section */

/* Begin XCBuildConfiguration section */
		E7843F9228922967006230E9 /* Debug */ = {
			isa = XCBuildConfiguration;
			buildSettings = {
				CODE_SIGN_IDENTITY = "Mac Developer";
				CODE_SIGN_STYLE = Automatic;
				COMBINE_HIDPI_IMAGES = YES;
				CONFIGURATION_BUILD_DIR = "$(HOME)/Library/Application Support/Glyphs 3/Plugins";
				DEPLOYMENT_LOCATION = YES;
				DEVELOPMENT_TEAM = 662PVPVA3N;
				DSTROOT = "$(HOME)/Library/Application Support/Glyphs 3/Plugins";
				FRAMEWORK_SEARCH_PATHS = "\"$(SYSTEM_APPS_DIR)/Glyphs 3.app/Contents/Frameworks\"";
				INFOPLIST_FILE = "$(PROJECT_NAME)/Info.plist";
				INSTALL_PATH = /;
				MACOSX_DEPLOYMENT_TARGET = 10.11;
				PRODUCT_BUNDLE_IDENTIFIER = "jp.co.morisawa.$(PROJECT_NAME)";
				PRODUCT_NAME = "$(PROJECT_NAME)";
				PROVISIONING_PROFILE_SPECIFIER = "";
				SKIP_INSTALL = YES;
				WRAPPER_EXTENSION = glyphsPalette;
			};
			name = Debug;
		};
		E7843F9328922967006230E9 /* Release */ = {
			isa = XCBuildConfiguration;
			buildSettings = {
				CODE_SIGN_IDENTITY = "Mac Developer";
				CODE_SIGN_STYLE = Automatic;
				COMBINE_HIDPI_IMAGES = YES;
				DEVELOPMENT_TEAM = 662PVPVA3N;
				FRAMEWORK_SEARCH_PATHS = "\"$(SYSTEM_APPS_DIR)/Glyphs 3.app/Contents/Frameworks\"";
				INFOPLIST_FILE = "$(PROJECT_NAME)/Info.plist";
				INSTALL_PATH = /;
				MACOSX_DEPLOYMENT_TARGET = 10.11;
				PRODUCT_BUNDLE_IDENTIFIER = "jp.co.morisawa.$(PROJECT_NAME)";
				PRODUCT_NAME = "$(PROJECT_NAME)";
				PROVISIONING_PROFILE_SPECIFIER = "";
				SKIP_INSTALL = NO;
				WRAPPER_EXTENSION = glyphsPalette;
			};
			name = Release;
		};
		E7FBB2BB1C574D99003E8DC1 /* Debug */ = {
			isa = XCBuildConfiguration;
			buildSettings = {
				ALWAYS_SEARCH_USER_PATHS = NO;
				CLANG_ANALYZER_LOCALIZABILITY_NONLOCALIZED = YES;
				CLANG_CXX_LANGUAGE_STANDARD = "gnu++0x";
				CLANG_CXX_LIBRARY = "libc++";
				CLANG_ENABLE_MODULES = YES;
				CLANG_ENABLE_OBJC_ARC = YES;
				CLANG_WARN_BLOCK_CAPTURE_AUTORELEASING = YES;
				CLANG_WARN_BOOL_CONVERSION = YES;
				CLANG_WARN_COMMA = YES;
				CLANG_WARN_CONSTANT_CONVERSION = YES;
				CLANG_WARN_DEPRECATED_OBJC_IMPLEMENTATIONS = YES;
				CLANG_WARN_DIRECT_OBJC_ISA_USAGE = YES_ERROR;
				CLANG_WARN_EMPTY_BODY = YES;
				CLANG_WARN_ENUM_CONVERSION = YES;
				CLANG_WARN_INFINITE_RECURSION = YES;
				CLANG_WARN_INT_CONVERSION = YES;
				CLANG_WARN_NON_LITERAL_NULL_CONVERSION = YES;
				CLANG_WARN_OBJC_IMPLICIT_RETAIN_SELF = YES;
				CLANG_WARN_OBJC_LITERAL_CONVERSION = YES;
				CLANG_WARN_OBJC_ROOT_CLASS = YES_ERROR;
				CLANG_WARN_QUOTED_INCLUDE_IN_FRAMEWORK_HEADER = YES;
				CLANG_WARN_RANGE_LOOP_ANALYSIS = YES;
				CLANG_WARN_STRICT_PROTOTYPES = YES;
				CLANG_WARN_SUSPICIOUS_MOVE = YES;
				CLANG_WARN_UNREACHABLE_CODE = YES;
				CLANG_WARN__DUPLICATE_METHOD_MATCH = YES;
				COPY_PHASE_STRIP = NO;
				DEBUG_INFORMATION_FORMAT = dwarf;
				ENABLE_STRICT_OBJC_MSGSEND = YES;
				ENABLE_TESTABILITY = YES;
				GCC_C_LANGUAGE_STANDARD = gnu99;
				GCC_DYNAMIC_NO_PIC = NO;
				GCC_NO_COMMON_BLOCKS = YES;
				GCC_OPTIMIZATION_LEVEL = 0;
				GCC_PREPROCESSOR_DEFINITIONS = (
					"DEBUG=1",
					"$(inherited)",
				);
				GCC_WARN_64_TO_32_BIT_CONVERSION = YES;
				GCC_WARN_ABOUT_RETURN_TYPE = YES_ERROR;
				GCC_WARN_UNDECLARED_SELECTOR = YES;
				GCC_WARN_UNINITIALIZED_AUTOS = YES_AGGRESSIVE;
				GCC_WARN_UNUSED_FUNCTION = YES;
				GCC_WARN_UNUSED_VARIABLE = YES;
				MTL_ENABLE_DEBUG_INFO = YES;
				ONLY_ACTIVE_ARCH = YES;
			};
			name = Debug;
		};
		E7FBB2BC1C574D99003E8DC1 /* Release */ = {
			isa = XCBuildConfiguration;
			buildSettings = {
				ALWAYS_SEARCH_USER_PATHS = NO;
				CLANG_ANALYZER_LOCALIZABILITY_NONLOCALIZED = YES;
				CLANG_CXX_LANGUAGE_STANDARD = "gnu++0x";
				CLANG_CXX_LIBRARY = "libc++";
				CLANG_ENABLE_MODULES = YES;
				CLANG_ENABLE_OBJC_ARC = YES;
				CLANG_WARN_BLOCK_CAPTURE_AUTORELEASING = YES;
				CLANG_WARN_BOOL_CONVERSION = YES;
				CLANG_WARN_COMMA = YES;
				CLANG_WARN_CONSTANT_CONVERSION = YES;
				CLANG_WARN_DEPRECATED_OBJC_IMPLEMENTATIONS = YES;
				CLANG_WARN_DIRECT_OBJC_ISA_USAGE = YES_ERROR;
				CLANG_WARN_EMPTY_BODY = YES;
				CLANG_WARN_ENUM_CONVERSION = YES;
				CLANG_WARN_INFINITE_RECURSION = YES;
				CLANG_WARN_INT_CONVERSION = YES;
				CLANG_WARN_NON_LITERAL_NULL_CONVERSION = YES;
				CLANG_WARN_OBJC_IMPLICIT_RETAIN_SELF = YES;
				CLANG_WARN_OBJC_LITERAL_CONVERSION = YES;
				CLANG_WARN_OBJC_ROOT_CLASS = YES_ERROR;
				CLANG_WARN_QUOTED_INCLUDE_IN_FRAMEWORK_HEADER = YES;
				CLANG_WARN_RANGE_LOOP_ANALYSIS = YES;
				CLANG_WARN_STRICT_PROTOTYPES = YES;
				CLANG_WARN_SUSPICIOUS_MOVE = YES;
				CLANG_WARN_UNREACHABLE_CODE = YES;
				CLANG_WARN__DUPLICATE_METHOD_MATCH = YES;
				COPY_PHASE_STRIP = NO;
				DEBUG_INFORMATION_FORMAT = "dwarf-with-dsym";
				ENABLE_NS_ASSERTIONS = NO;
				ENABLE_STRICT_OBJC_MSGSEND = YES;
				GCC_C_LANGUAGE_STANDARD = gnu99;
				GCC_NO_COMMON_BLOCKS = YES;
				GCC_WARN_64_TO_32_BIT_CONVERSION = YES;
				GCC_WARN_ABOUT_RETURN_TYPE = YES_ERROR;
				GCC_WARN_UNDECLARED_SELECTOR = YES;
				GCC_WARN_UNINITIALIZED_AUTOS = YES_AGGRESSIVE;
				GCC_WARN_UNUSED_FUNCTION = YES;
				GCC_WARN_UNUSED_VARIABLE = YES;
				MTL_ENABLE_DEBUG_INFO = NO;
			};
			name = Release;
		};
		E7FBB2BE1C574D99003E8DC1 /* Debug */ = {
			isa = XCBuildConfiguration;
			buildSettings = {
				CODE_SIGN_IDENTITY = "Mac Developer";
				CODE_SIGN_STYLE = Automatic;
				COMBINE_HIDPI_IMAGES = YES;
				CONFIGURATION_BUILD_DIR = "$(HOME)/Library/Application Support/Glyphs/Plugins";
				DEPLOYMENT_LOCATION = YES;
				DEVELOPMENT_TEAM = 662PVPVA3N;
				DSTROOT = "$(HOME)/Library/Application Support/Glyphs/Plugins";
				FRAMEWORK_SEARCH_PATHS = "$(SYSTEM_APPS_DIR)/Glyphs.app/Contents/Frameworks";
				INFOPLIST_FILE = "$(PROJECT_NAME)/Info.plist";
				INSTALL_PATH = /;
				MACOSX_DEPLOYMENT_TARGET = 10.9;
				PRODUCT_BUNDLE_IDENTIFIER = "jp.co.morisawa.$(PROJECT_NAME)";
				PRODUCT_NAME = "$(PROJECT_NAME)";
				PROVISIONING_PROFILE_SPECIFIER = "";
				SKIP_INSTALL = YES;
				WRAPPER_EXTENSION = glyphsPalette;
			};
			name = Debug;
		};
		E7FBB2BF1C574D99003E8DC1 /* Release */ = {
			isa = XCBuildConfiguration;
			buildSettings = {
				CODE_SIGN_IDENTITY = "Mac Developer";
				CODE_SIGN_STYLE = Automatic;
				COMBINE_HIDPI_IMAGES = YES;
				DEVELOPMENT_TEAM = 662PVPVA3N;
				FRAMEWORK_SEARCH_PATHS = "$(SYSTEM_APPS_DIR)/Glyphs.app/Contents/Frameworks";
				INFOPLIST_FILE = "$(PROJECT_NAME)/Info.plist";
				INSTALL_PATH = /;
				MACOSX_DEPLOYMENT_TARGET = 10.9;
				PRODUCT_BUNDLE_IDENTIFIER = "jp.co.morisawa.$(PROJECT_NAME)";
				PRODUCT_NAME = "$(PROJECT_NAME)";
				PROVISIONING_PROFILE_SPECIFIER = "";
				SKIP_INSTALL = NO;
				WRAPPER_EXTENSION = glyphsPalette;
			};
			name = Release;
		};
/* End XCBuildConfiguration section */

/* Begin XCConfigurationList section */
		E7843F9128922967006230E9 /* Build configuration list for PBXNativeTarget "ReferenceGlyph3" */ = {
			isa = XCConfigurationList;
			buildConfigurations = (
				E7843F9228922967006230E9 /* Debug */,
				E7843F9328922967006230E9 /* Release */,
			);
			defaultConfigurationIsVisible = 0;
			defaultConfigurationName = Release;
		};
		E7FBB2A51C574D98003E8DC1 /* Build configuration list for PBXProject "ReferenceGlyph" */ = {
			isa = XCConfigurationList;
			buildConfigurations = (
				E7FBB2BB1C574D99003E8DC1 /* Debug */,
				E7FBB2BC1C574D99003E8DC1 /* Release */,
			);
			defaultConfigurationIsVisible = 0;
			defaultConfigurationName = Release;
		};
		E7FBB2BD1C574D99003E8DC1 /* Build configuration list for PBXNativeTarget "ReferenceGlyph2" */ = {
			isa = XCConfigurationList;
			buildConfigurations = (
				E7FBB2BE1C574D99003E8DC1 /* Debug */,
				E7FBB2BF1C574D99003E8DC1 /* Release */,
			);
			defaultConfigurationIsVisible = 0;
			defaultConfigurationName = Release;
		};
/* End XCConfigurationList section */
	};
	rootObject = E7FBB2A21C574D98003E8DC1 /* Project object */;
}
